// !$*UTF8*$!
{
	archiveVersion = 1;
	classes = {
	};
	objectVersion = 46;
	objects = {

/* Begin PBXBuildFile section */
		8F06106E1B0652EE00A7471E /* User.swift in Sources */ = {isa = PBXBuildFile; fileRef = 8F06106D1B0652EE00A7471E /* User.swift */; };
		8F0610701B0653E500A7471E /* ProfileVC.swift in Sources */ = {isa = PBXBuildFile; fileRef = 8F06106F1B0653E500A7471E /* ProfileVC.swift */; };
		8F0610721B06573900A7471E /* ViewController.swift in Sources */ = {isa = PBXBuildFile; fileRef = 8F0610711B06573900A7471E /* ViewController.swift */; };
		8F23689F1B05413E00CB4B53 /* FBSDKCoreKit.framework in Frameworks */ = {isa = PBXBuildFile; fileRef = 8F23689E1B05413E00CB4B53 /* FBSDKCoreKit.framework */; };
		8F72D2E91B0D2D8B0027D282 /* AMatch.swift in Sources */ = {isa = PBXBuildFile; fileRef = 8F72D2E81B0D2D8B0027D282 /* AMatch.swift */; };
		8FE6BB651B012B6000CB31F6 /* AppDelegate.swift in Sources */ = {isa = PBXBuildFile; fileRef = 8FE6BB641B012B6000CB31F6 /* AppDelegate.swift */; };
		8FE6BB681B012B6000CB31F6 /* DateHaven.xcdatamodeld in Sources */ = {isa = PBXBuildFile; fileRef = 8FE6BB661B012B6000CB31F6 /* DateHaven.xcdatamodeld */; };
		8FE6BB6D1B012B6000CB31F6 /* Main.storyboard in Resources */ = {isa = PBXBuildFile; fileRef = 8FE6BB6B1B012B6000CB31F6 /* Main.storyboard */; };
		8FE6BB6F1B012B6000CB31F6 /* Images.xcassets in Resources */ = {isa = PBXBuildFile; fileRef = 8FE6BB6E1B012B6000CB31F6 /* Images.xcassets */; };
		8FE6BB721B012B6000CB31F6 /* LaunchScreen.xib in Resources */ = {isa = PBXBuildFile; fileRef = 8FE6BB701B012B6000CB31F6 /* LaunchScreen.xib */; };
		8FE6BB7E1B012B6000CB31F6 /* DateHavenTests.swift in Sources */ = {isa = PBXBuildFile; fileRef = 8FE6BB7D1B012B6000CB31F6 /* DateHavenTests.swift */; };
		8FE6BB891B012C3F00CB31F6 /* CardView.swift in Sources */ = {isa = PBXBuildFile; fileRef = 8FE6BB881B012C3F00CB31F6 /* CardView.swift */; };
		8FE6BB8B1B012C9B00CB31F6 /* SwipeView.swift in Sources */ = {isa = PBXBuildFile; fileRef = 8FE6BB8A1B012C9B00CB31F6 /* SwipeView.swift */; };
		8FE6BB8E1B012D7200CB31F6 /* CardsVC.swift in Sources */ = {isa = PBXBuildFile; fileRef = 8FE6BB8D1B012D7200CB31F6 /* CardsVC.swift */; };
		8FEFF72F1B064A0C005B5F4A /* LoginVC.swift in Sources */ = {isa = PBXBuildFile; fileRef = 8FEFF72E1B064A0C005B5F4A /* LoginVC.swift */; };
		8FEFF7311B064BD0005B5F4A /* FBSDKLoginKit.framework in Frameworks */ = {isa = PBXBuildFile; fileRef = 8FEFF7301B064BD0005B5F4A /* FBSDKLoginKit.framework */; };
		8FF182CE1B0D16E300571A15 /* MatchesTableVC.swift in Sources */ = {isa = PBXBuildFile; fileRef = 8FF182CD1B0D16E300571A15 /* MatchesTableVC.swift */; };
		8FF182D01B0D174400571A15 /* UserCell.swift in Sources */ = {isa = PBXBuildFile; fileRef = 8FF182CF1B0D174400571A15 /* UserCell.swift */; };
		8FFA9A7A1B053A250038D183 /* AudioToolbox.framework in Frameworks */ = {isa = PBXBuildFile; fileRef = 8FFA9A791B053A250038D183 /* AudioToolbox.framework */; };
		8FFA9A7C1B053A2C0038D183 /* CFNetwork.framework in Frameworks */ = {isa = PBXBuildFile; fileRef = 8FFA9A7B1B053A2C0038D183 /* CFNetwork.framework */; };
		8FFA9A7E1B053A320038D183 /* CoreGraphics.framework in Frameworks */ = {isa = PBXBuildFile; fileRef = 8FFA9A7D1B053A320038D183 /* CoreGraphics.framework */; };
		8FFA9A801B053A3D0038D183 /* MobileCoreServices.framework in Frameworks */ = {isa = PBXBuildFile; fileRef = 8FFA9A7F1B053A3D0038D183 /* MobileCoreServices.framework */; };
		8FFA9A821B053A460038D183 /* QuartzCore.framework in Frameworks */ = {isa = PBXBuildFile; fileRef = 8FFA9A811B053A460038D183 /* QuartzCore.framework */; };
		8FFA9A841B053A500038D183 /* Security.framework in Frameworks */ = {isa = PBXBuildFile; fileRef = 8FFA9A831B053A500038D183 /* Security.framework */; };
		8FFA9A861B053A5A0038D183 /* StoreKit.framework in Frameworks */ = {isa = PBXBuildFile; fileRef = 8FFA9A851B053A5A0038D183 /* StoreKit.framework */; };
		8FFA9A881B053A640038D183 /* SystemConfiguration.framework in Frameworks */ = {isa = PBXBuildFile; fileRef = 8FFA9A871B053A640038D183 /* SystemConfiguration.framework */; };
		8FFA9A8A1B053A710038D183 /* libz.dylib in Frameworks */ = {isa = PBXBuildFile; fileRef = 8FFA9A891B053A710038D183 /* libz.dylib */; };
		8FFA9A8C1B053A7D0038D183 /* libsqlite3.dylib in Frameworks */ = {isa = PBXBuildFile; fileRef = 8FFA9A8B1B053A7D0038D183 /* libsqlite3.dylib */; };
		8FFA9A8E1B053A880038D183 /* Accounts.framework in Frameworks */ = {isa = PBXBuildFile; fileRef = 8FFA9A8D1B053A880038D183 /* Accounts.framework */; };
		8FFA9A901B053A900038D183 /* Social.framework in Frameworks */ = {isa = PBXBuildFile; fileRef = 8FFA9A8F1B053A900038D183 /* Social.framework */; };
		8FFA9A951B053B180038D183 /* Bolts.framework in Frameworks */ = {isa = PBXBuildFile; fileRef = 8FFA9A921B053B180038D183 /* Bolts.framework */; };
		8FFA9A961B053B180038D183 /* Parse.framework in Frameworks */ = {isa = PBXBuildFile; fileRef = 8FFA9A931B053B180038D183 /* Parse.framework */; };
		8FFA9A971B053B180038D183 /* ParseFacebookUtilsV4.framework in Frameworks */ = {isa = PBXBuildFile; fileRef = 8FFA9A941B053B180038D183 /* ParseFacebookUtilsV4.framework */; };
/* End PBXBuildFile section */

/* Begin PBXContainerItemProxy section */
		8FE6BB781B012B6000CB31F6 /* PBXContainerItemProxy */ = {
			isa = PBXContainerItemProxy;
			containerPortal = 8FE6BB571B012B6000CB31F6 /* Project object */;
			proxyType = 1;
			remoteGlobalIDString = 8FE6BB5E1B012B6000CB31F6;
			remoteInfo = DateHaven;
		};
/* End PBXContainerItemProxy section */

/* Begin PBXFileReference section */
		8F06106D1B0652EE00A7471E /* User.swift */ = {isa = PBXFileReference; fileEncoding = 4; lastKnownFileType = sourcecode.swift; path = User.swift; sourceTree = "<group>"; };
		8F06106F1B0653E500A7471E /* ProfileVC.swift */ = {isa = PBXFileReference; fileEncoding = 4; lastKnownFileType = sourcecode.swift; path = ProfileVC.swift; sourceTree = "<group>"; };
		8F0610711B06573900A7471E /* ViewController.swift */ = {isa = PBXFileReference; fileEncoding = 4; lastKnownFileType = sourcecode.swift; path = ViewController.swift; sourceTree = "<group>"; };
		8F23689D1B053CF300CB4B53 /* Bridging-Header.h */ = {isa = PBXFileReference; lastKnownFileType = sourcecode.c.h; path = "Bridging-Header.h"; sourceTree = "<group>"; };
		8F23689E1B05413E00CB4B53 /* FBSDKCoreKit.framework */ = {isa = PBXFileReference; lastKnownFileType = wrapper.framework; name = FBSDKCoreKit.framework; path = ../../SDKs/FacebookSDK/FBSDKCoreKit.framework; sourceTree = "<group>"; };
		8F72D2E81B0D2D8B0027D282 /* AMatch.swift */ = {isa = PBXFileReference; fileEncoding = 4; lastKnownFileType = sourcecode.swift; path = AMatch.swift; sourceTree = "<group>"; };
		8FE6BB5F1B012B6000CB31F6 /* DateHaven.app */ = {isa = PBXFileReference; explicitFileType = wrapper.application; includeInIndex = 0; path = DateHaven.app; sourceTree = BUILT_PRODUCTS_DIR; };
		8FE6BB631B012B6000CB31F6 /* Info.plist */ = {isa = PBXFileReference; lastKnownFileType = text.plist.xml; path = Info.plist; sourceTree = "<group>"; };
		8FE6BB641B012B6000CB31F6 /* AppDelegate.swift */ = {isa = PBXFileReference; lastKnownFileType = sourcecode.swift; path = AppDelegate.swift; sourceTree = "<group>"; };
		8FE6BB671B012B6000CB31F6 /* DateHaven.xcdatamodel */ = {isa = PBXFileReference; lastKnownFileType = wrapper.xcdatamodel; path = DateHaven.xcdatamodel; sourceTree = "<group>"; };
		8FE6BB6C1B012B6000CB31F6 /* Base */ = {isa = PBXFileReference; lastKnownFileType = file.storyboard; name = Base; path = Base.lproj/Main.storyboard; sourceTree = "<group>"; };
		8FE6BB6E1B012B6000CB31F6 /* Images.xcassets */ = {isa = PBXFileReference; lastKnownFileType = folder.assetcatalog; path = Images.xcassets; sourceTree = "<group>"; };
		8FE6BB711B012B6000CB31F6 /* Base */ = {isa = PBXFileReference; lastKnownFileType = file.xib; name = Base; path = Base.lproj/LaunchScreen.xib; sourceTree = "<group>"; };
		8FE6BB771B012B6000CB31F6 /* DateHavenTests.xctest */ = {isa = PBXFileReference; explicitFileType = wrapper.cfbundle; includeInIndex = 0; path = DateHavenTests.xctest; sourceTree = BUILT_PRODUCTS_DIR; };
		8FE6BB7C1B012B6000CB31F6 /* Info.plist */ = {isa = PBXFileReference; lastKnownFileType = text.plist.xml; path = Info.plist; sourceTree = "<group>"; };
		8FE6BB7D1B012B6000CB31F6 /* DateHavenTests.swift */ = {isa = PBXFileReference; lastKnownFileType = sourcecode.swift; path = DateHavenTests.swift; sourceTree = "<group>"; };
		8FE6BB881B012C3F00CB31F6 /* CardView.swift */ = {isa = PBXFileReference; fileEncoding = 4; lastKnownFileType = sourcecode.swift; path = CardView.swift; sourceTree = "<group>"; };
		8FE6BB8A1B012C9B00CB31F6 /* SwipeView.swift */ = {isa = PBXFileReference; fileEncoding = 4; lastKnownFileType = sourcecode.swift; path = SwipeView.swift; sourceTree = "<group>"; };
		8FE6BB8D1B012D7200CB31F6 /* CardsVC.swift */ = {isa = PBXFileReference; fileEncoding = 4; lastKnownFileType = sourcecode.swift; path = CardsVC.swift; sourceTree = "<group>"; };
		8FEFF72E1B064A0C005B5F4A /* LoginVC.swift */ = {isa = PBXFileReference; fileEncoding = 4; lastKnownFileType = sourcecode.swift; path = LoginVC.swift; sourceTree = "<group>"; };
		8FEFF7301B064BD0005B5F4A /* FBSDKLoginKit.framework */ = {isa = PBXFileReference; lastKnownFileType = wrapper.framework; name = FBSDKLoginKit.framework; path = ../../SDKs/FacebookSDK/FBSDKLoginKit.framework; sourceTree = "<group>"; };
		8FF182CD1B0D16E300571A15 /* MatchesTableVC.swift */ = {isa = PBXFileReference; fileEncoding = 4; lastKnownFileType = sourcecode.swift; path = MatchesTableVC.swift; sourceTree = "<group>"; };
		8FF182CF1B0D174400571A15 /* UserCell.swift */ = {isa = PBXFileReference; fileEncoding = 4; lastKnownFileType = sourcecode.swift; path = UserCell.swift; sourceTree = "<group>"; };
		8FFA9A791B053A250038D183 /* AudioToolbox.framework */ = {isa = PBXFileReference; lastKnownFileType = wrapper.framework; name = AudioToolbox.framework; path = System/Library/Frameworks/AudioToolbox.framework; sourceTree = SDKROOT; };
		8FFA9A7B1B053A2C0038D183 /* CFNetwork.framework */ = {isa = PBXFileReference; lastKnownFileType = wrapper.framework; name = CFNetwork.framework; path = System/Library/Frameworks/CFNetwork.framework; sourceTree = SDKROOT; };
		8FFA9A7D1B053A320038D183 /* CoreGraphics.framework */ = {isa = PBXFileReference; lastKnownFileType = wrapper.framework; name = CoreGraphics.framework; path = System/Library/Frameworks/CoreGraphics.framework; sourceTree = SDKROOT; };
		8FFA9A7F1B053A3D0038D183 /* MobileCoreServices.framework */ = {isa = PBXFileReference; lastKnownFileType = wrapper.framework; name = MobileCoreServices.framework; path = System/Library/Frameworks/MobileCoreServices.framework; sourceTree = SDKROOT; };
		8FFA9A811B053A460038D183 /* QuartzCore.framework */ = {isa = PBXFileReference; lastKnownFileType = wrapper.framework; name = QuartzCore.framework; path = System/Library/Frameworks/QuartzCore.framework; sourceTree = SDKROOT; };
		8FFA9A831B053A500038D183 /* Security.framework */ = {isa = PBXFileReference; lastKnownFileType = wrapper.framework; name = Security.framework; path = System/Library/Frameworks/Security.framework; sourceTree = SDKROOT; };
		8FFA9A851B053A5A0038D183 /* StoreKit.framework */ = {isa = PBXFileReference; lastKnownFileType = wrapper.framework; name = StoreKit.framework; path = System/Library/Frameworks/StoreKit.framework; sourceTree = SDKROOT; };
		8FFA9A871B053A640038D183 /* SystemConfiguration.framework */ = {isa = PBXFileReference; lastKnownFileType = wrapper.framework; name = SystemConfiguration.framework; path = System/Library/Frameworks/SystemConfiguration.framework; sourceTree = SDKROOT; };
		8FFA9A891B053A710038D183 /* libz.dylib */ = {isa = PBXFileReference; lastKnownFileType = "compiled.mach-o.dylib"; name = libz.dylib; path = usr/lib/libz.dylib; sourceTree = SDKROOT; };
		8FFA9A8B1B053A7D0038D183 /* libsqlite3.dylib */ = {isa = PBXFileReference; lastKnownFileType = "compiled.mach-o.dylib"; name = libsqlite3.dylib; path = usr/lib/libsqlite3.dylib; sourceTree = SDKROOT; };
		8FFA9A8D1B053A880038D183 /* Accounts.framework */ = {isa = PBXFileReference; lastKnownFileType = wrapper.framework; name = Accounts.framework; path = System/Library/Frameworks/Accounts.framework; sourceTree = SDKROOT; };
		8FFA9A8F1B053A900038D183 /* Social.framework */ = {isa = PBXFileReference; lastKnownFileType = wrapper.framework; name = Social.framework; path = System/Library/Frameworks/Social.framework; sourceTree = SDKROOT; };
		8FFA9A921B053B180038D183 /* Bolts.framework */ = {isa = PBXFileReference; lastKnownFileType = wrapper.framework; name = Bolts.framework; path = "../../SDKs/parse-library-1.7.2/Bolts.framework"; sourceTree = "<group>"; };
		8FFA9A931B053B180038D183 /* Parse.framework */ = {isa = PBXFileReference; lastKnownFileType = wrapper.framework; name = Parse.framework; path = "../../SDKs/parse-library-1.7.2/Parse.framework"; sourceTree = "<group>"; };
		8FFA9A941B053B180038D183 /* ParseFacebookUtilsV4.framework */ = {isa = PBXFileReference; lastKnownFileType = wrapper.framework; name = ParseFacebookUtilsV4.framework; path = "../../SDKs/parse-library-1.7.2/ParseFacebookUtilsV4.framework"; sourceTree = "<group>"; };
/* End PBXFileReference section */

/* Begin PBXFrameworksBuildPhase section */
		8FE6BB5C1B012B6000CB31F6 /* Frameworks */ = {
			isa = PBXFrameworksBuildPhase;
			buildActionMask = 2147483647;
			files = (
				8FEFF7311B064BD0005B5F4A /* FBSDKLoginKit.framework in Frameworks */,
				8F23689F1B05413E00CB4B53 /* FBSDKCoreKit.framework in Frameworks */,
				8FFA9A951B053B180038D183 /* Bolts.framework in Frameworks */,
				8FFA9A961B053B180038D183 /* Parse.framework in Frameworks */,
				8FFA9A971B053B180038D183 /* ParseFacebookUtilsV4.framework in Frameworks */,
				8FFA9A901B053A900038D183 /* Social.framework in Frameworks */,
				8FFA9A8E1B053A880038D183 /* Accounts.framework in Frameworks */,
				8FFA9A8C1B053A7D0038D183 /* libsqlite3.dylib in Frameworks */,
				8FFA9A8A1B053A710038D183 /* libz.dylib in Frameworks */,
				8FFA9A881B053A640038D183 /* SystemConfiguration.framework in Frameworks */,
				8FFA9A861B053A5A0038D183 /* StoreKit.framework in Frameworks */,
				8FFA9A841B053A500038D183 /* Security.framework in Frameworks */,
				8FFA9A821B053A460038D183 /* QuartzCore.framework in Frameworks */,
				8FFA9A801B053A3D0038D183 /* MobileCoreServices.framework in Frameworks */,
				8FFA9A7E1B053A320038D183 /* CoreGraphics.framework in Frameworks */,
				8FFA9A7C1B053A2C0038D183 /* CFNetwork.framework in Frameworks */,
				8FFA9A7A1B053A250038D183 /* AudioToolbox.framework in Frameworks */,
			);
			runOnlyForDeploymentPostprocessing = 0;
		};
		8FE6BB741B012B6000CB31F6 /* Frameworks */ = {
			isa = PBXFrameworksBuildPhase;
			buildActionMask = 2147483647;
			files = (
			);
			runOnlyForDeploymentPostprocessing = 0;
		};
/* End PBXFrameworksBuildPhase section */

/* Begin PBXGroup section */
		8F06106C1B0652D600A7471E /* Data */ = {
			isa = PBXGroup;
			children = (
				8F06106D1B0652EE00A7471E /* User.swift */,
				8F72D2E81B0D2D8B0027D282 /* AMatch.swift */,
			);
			name = Data;
			sourceTree = "<group>";
		};
		8FE6BB561B012B6000CB31F6 = {
			isa = PBXGroup;
			children = (
				8FE6BB611B012B6000CB31F6 /* DateHaven */,
				8FE6BB7A1B012B6000CB31F6 /* DateHavenTests */,
				8FE6BB601B012B6000CB31F6 /* Products */,
			);
			sourceTree = "<group>";
		};
		8FE6BB601B012B6000CB31F6 /* Products */ = {
			isa = PBXGroup;
			children = (
				8FE6BB5F1B012B6000CB31F6 /* DateHaven.app */,
				8FE6BB771B012B6000CB31F6 /* DateHavenTests.xctest */,
			);
			name = Products;
			sourceTree = "<group>";
		};
		8FE6BB611B012B6000CB31F6 /* DateHaven */ = {
			isa = PBXGroup;
			children = (
				8F06106C1B0652D600A7471E /* Data */,
				8FE6BB8C1B012D2100CB31F6 /* VCs */,
				8FE6BB871B012C0F00CB31F6 /* Views */,
				8FE6BB641B012B6000CB31F6 /* AppDelegate.swift */,
				8FE6BB6B1B012B6000CB31F6 /* Main.storyboard */,
				8FE6BB6E1B012B6000CB31F6 /* Images.xcassets */,
				8FE6BB701B012B6000CB31F6 /* LaunchScreen.xib */,
				8FE6BB661B012B6000CB31F6 /* DateHaven.xcdatamodeld */,
				8FE6BB621B012B6000CB31F6 /* Supporting Files */,
			);
			path = DateHaven;
			sourceTree = "<group>";
		};
		8FE6BB621B012B6000CB31F6 /* Supporting Files */ = {
			isa = PBXGroup;
			children = (
				8FFA9A911B053AAC0038D183 /* Frameworks */,
				8FE6BB631B012B6000CB31F6 /* Info.plist */,
				8F23689D1B053CF300CB4B53 /* Bridging-Header.h */,
			);
			name = "Supporting Files";
			sourceTree = "<group>";
		};
		8FE6BB7A1B012B6000CB31F6 /* DateHavenTests */ = {
			isa = PBXGroup;
			children = (
				8FE6BB7D1B012B6000CB31F6 /* DateHavenTests.swift */,
				8FE6BB7B1B012B6000CB31F6 /* Supporting Files */,
			);
			path = DateHavenTests;
			sourceTree = "<group>";
		};
		8FE6BB7B1B012B6000CB31F6 /* Supporting Files */ = {
			isa = PBXGroup;
			children = (
				8FE6BB7C1B012B6000CB31F6 /* Info.plist */,
			);
			name = "Supporting Files";
			sourceTree = "<group>";
		};
		8FE6BB871B012C0F00CB31F6 /* Views */ = {
			isa = PBXGroup;
			children = (
				8FE6BB881B012C3F00CB31F6 /* CardView.swift */,
				8FE6BB8A1B012C9B00CB31F6 /* SwipeView.swift */,
				8FF182CF1B0D174400571A15 /* UserCell.swift */,
			);
			name = Views;
			sourceTree = "<group>";
		};
		8FE6BB8C1B012D2100CB31F6 /* VCs */ = {
			isa = PBXGroup;
			children = (
				8FE6BB8D1B012D7200CB31F6 /* CardsVC.swift */,
				8FEFF72E1B064A0C005B5F4A /* LoginVC.swift */,
				8F06106F1B0653E500A7471E /* ProfileVC.swift */,
				8F0610711B06573900A7471E /* ViewController.swift */,
				8FF182CD1B0D16E300571A15 /* MatchesTableVC.swift */,
			);
			name = VCs;
			sourceTree = "<group>";
		};
		8FFA9A911B053AAC0038D183 /* Frameworks */ = {
			isa = PBXGroup;
			children = (
				8FEFF7301B064BD0005B5F4A /* FBSDKLoginKit.framework */,
				8F23689E1B05413E00CB4B53 /* FBSDKCoreKit.framework */,
				8FFA9A921B053B180038D183 /* Bolts.framework */,
				8FFA9A931B053B180038D183 /* Parse.framework */,
				8FFA9A941B053B180038D183 /* ParseFacebookUtilsV4.framework */,
				8FFA9A8F1B053A900038D183 /* Social.framework */,
				8FFA9A8D1B053A880038D183 /* Accounts.framework */,
				8FFA9A8B1B053A7D0038D183 /* libsqlite3.dylib */,
				8FFA9A891B053A710038D183 /* libz.dylib */,
				8FFA9A871B053A640038D183 /* SystemConfiguration.framework */,
				8FFA9A851B053A5A0038D183 /* StoreKit.framework */,
				8FFA9A831B053A500038D183 /* Security.framework */,
				8FFA9A811B053A460038D183 /* QuartzCore.framework */,
				8FFA9A7F1B053A3D0038D183 /* MobileCoreServices.framework */,
				8FFA9A7D1B053A320038D183 /* CoreGraphics.framework */,
				8FFA9A7B1B053A2C0038D183 /* CFNetwork.framework */,
				8FFA9A791B053A250038D183 /* AudioToolbox.framework */,
			);
			name = Frameworks;
			sourceTree = "<group>";
		};
/* End PBXGroup section */

/* Begin PBXNativeTarget section */
		8FE6BB5E1B012B6000CB31F6 /* DateHaven */ = {
			isa = PBXNativeTarget;
			buildConfigurationList = 8FE6BB811B012B6000CB31F6 /* Build configuration list for PBXNativeTarget "DateHaven" */;
			buildPhases = (
				8FE6BB5B1B012B6000CB31F6 /* Sources */,
				8FE6BB5C1B012B6000CB31F6 /* Frameworks */,
				8FE6BB5D1B012B6000CB31F6 /* Resources */,
			);
			buildRules = (
			);
			dependencies = (
			);
			name = DateHaven;
			productName = DateHaven;
			productReference = 8FE6BB5F1B012B6000CB31F6 /* DateHaven.app */;
			productType = "com.apple.product-type.application";
		};
		8FE6BB761B012B6000CB31F6 /* DateHavenTests */ = {
			isa = PBXNativeTarget;
			buildConfigurationList = 8FE6BB841B012B6000CB31F6 /* Build configuration list for PBXNativeTarget "DateHavenTests" */;
			buildPhases = (
				8FE6BB731B012B6000CB31F6 /* Sources */,
				8FE6BB741B012B6000CB31F6 /* Frameworks */,
				8FE6BB751B012B6000CB31F6 /* Resources */,
			);
			buildRules = (
			);
			dependencies = (
				8FE6BB791B012B6000CB31F6 /* PBXTargetDependency */,
			);
			name = DateHavenTests;
			productName = DateHavenTests;
			productReference = 8FE6BB771B012B6000CB31F6 /* DateHavenTests.xctest */;
			productType = "com.apple.product-type.bundle.unit-test";
		};
/* End PBXNativeTarget section */

/* Begin PBXProject section */
		8FE6BB571B012B6000CB31F6 /* Project object */ = {
			isa = PBXProject;
			attributes = {
				LastUpgradeCheck = 0630;
				ORGANIZATIONNAME = "Jim Aven";
				TargetAttributes = {
					8FE6BB5E1B012B6000CB31F6 = {
						CreatedOnToolsVersion = 6.3.1;
					};
					8FE6BB761B012B6000CB31F6 = {
						CreatedOnToolsVersion = 6.3.1;
						TestTargetID = 8FE6BB5E1B012B6000CB31F6;
					};
				};
			};
			buildConfigurationList = 8FE6BB5A1B012B6000CB31F6 /* Build configuration list for PBXProject "DateHaven" */;
			compatibilityVersion = "Xcode 3.2";
			developmentRegion = English;
			hasScannedForEncodings = 0;
			knownRegions = (
				en,
				Base,
			);
			mainGroup = 8FE6BB561B012B6000CB31F6;
			productRefGroup = 8FE6BB601B012B6000CB31F6 /* Products */;
			projectDirPath = "";
			projectRoot = "";
			targets = (
				8FE6BB5E1B012B6000CB31F6 /* DateHaven */,
				8FE6BB761B012B6000CB31F6 /* DateHavenTests */,
			);
		};
/* End PBXProject section */

/* Begin PBXResourcesBuildPhase section */
		8FE6BB5D1B012B6000CB31F6 /* Resources */ = {
			isa = PBXResourcesBuildPhase;
			buildActionMask = 2147483647;
			files = (
				8FE6BB6D1B012B6000CB31F6 /* Main.storyboard in Resources */,
				8FE6BB721B012B6000CB31F6 /* LaunchScreen.xib in Resources */,
				8FE6BB6F1B012B6000CB31F6 /* Images.xcassets in Resources */,
			);
			runOnlyForDeploymentPostprocessing = 0;
		};
		8FE6BB751B012B6000CB31F6 /* Resources */ = {
			isa = PBXResourcesBuildPhase;
			buildActionMask = 2147483647;
			files = (
			);
			runOnlyForDeploymentPostprocessing = 0;
		};
/* End PBXResourcesBuildPhase section */

/* Begin PBXSourcesBuildPhase section */
		8FE6BB5B1B012B6000CB31F6 /* Sources */ = {
			isa = PBXSourcesBuildPhase;
			buildActionMask = 2147483647;
			files = (
				8FE6BB8E1B012D7200CB31F6 /* CardsVC.swift in Sources */,
				8F72D2E91B0D2D8B0027D282 /* AMatch.swift in Sources */,
				8FEFF72F1B064A0C005B5F4A /* LoginVC.swift in Sources */,
				8FE6BB681B012B6000CB31F6 /* DateHaven.xcdatamodeld in Sources */,
				8F0610721B06573900A7471E /* ViewController.swift in Sources */,
				8F06106E1B0652EE00A7471E /* User.swift in Sources */,
				8F0610701B0653E500A7471E /* ProfileVC.swift in Sources */,
				8FE6BB891B012C3F00CB31F6 /* CardView.swift in Sources */,
				8FF182CE1B0D16E300571A15 /* MatchesTableVC.swift in Sources */,
				8FE6BB8B1B012C9B00CB31F6 /* SwipeView.swift in Sources */,
				8FF182D01B0D174400571A15 /* UserCell.swift in Sources */,
				8FE6BB651B012B6000CB31F6 /* AppDelegate.swift in Sources */,
			);
			runOnlyForDeploymentPostprocessing = 0;
		};
		8FE6BB731B012B6000CB31F6 /* Sources */ = {
			isa = PBXSourcesBuildPhase;
			buildActionMask = 2147483647;
			files = (
				8FE6BB7E1B012B6000CB31F6 /* DateHavenTests.swift in Sources */,
			);
			runOnlyForDeploymentPostprocessing = 0;
		};
/* End PBXSourcesBuildPhase section */

/* Begin PBXTargetDependency section */
		8FE6BB791B012B6000CB31F6 /* PBXTargetDependency */ = {
			isa = PBXTargetDependency;
			target = 8FE6BB5E1B012B6000CB31F6 /* DateHaven */;
			targetProxy = 8FE6BB781B012B6000CB31F6 /* PBXContainerItemProxy */;
		};
/* End PBXTargetDependency section */

/* Begin PBXVariantGroup section */
		8FE6BB6B1B012B6000CB31F6 /* Main.storyboard */ = {
			isa = PBXVariantGroup;
			children = (
				8FE6BB6C1B012B6000CB31F6 /* Base */,
			);
			name = Main.storyboard;
			sourceTree = "<group>";
		};
		8FE6BB701B012B6000CB31F6 /* LaunchScreen.xib */ = {
			isa = PBXVariantGroup;
			children = (
				8FE6BB711B012B6000CB31F6 /* Base */,
			);
			name = LaunchScreen.xib;
			sourceTree = "<group>";
		};
/* End PBXVariantGroup section */

/* Begin XCBuildConfiguration section */
		8FE6BB7F1B012B6000CB31F6 /* Debug */ = {
			isa = XCBuildConfiguration;
			buildSettings = {
				ALWAYS_SEARCH_USER_PATHS = NO;
				CLANG_CXX_LANGUAGE_STANDARD = "gnu++0x";
				CLANG_CXX_LIBRARY = "libc++";
				CLANG_ENABLE_MODULES = YES;
				CLANG_ENABLE_OBJC_ARC = YES;
				CLANG_WARN_BOOL_CONVERSION = YES;
				CLANG_WARN_CONSTANT_CONVERSION = YES;
				CLANG_WARN_DIRECT_OBJC_ISA_USAGE = YES_ERROR;
				CLANG_WARN_EMPTY_BODY = YES;
				CLANG_WARN_ENUM_CONVERSION = YES;
				CLANG_WARN_INT_CONVERSION = YES;
				CLANG_WARN_OBJC_ROOT_CLASS = YES_ERROR;
				CLANG_WARN_UNREACHABLE_CODE = YES;
				CLANG_WARN__DUPLICATE_METHOD_MATCH = YES;
				"CODE_SIGN_IDENTITY[sdk=iphoneos*]" = "iPhone Developer";
				COPY_PHASE_STRIP = NO;
				DEBUG_INFORMATION_FORMAT = "dwarf-with-dsym";
				ENABLE_STRICT_OBJC_MSGSEND = YES;
				GCC_C_LANGUAGE_STANDARD = gnu99;
				GCC_DYNAMIC_NO_PIC = NO;
				GCC_NO_COMMON_BLOCKS = YES;
				GCC_OPTIMIZATION_LEVEL = 0;
				GCC_PREPROCESSOR_DEFINITIONS = (
					"DEBUG=1",
					"$(inherited)",
				);
				GCC_SYMBOLS_PRIVATE_EXTERN = NO;
				GCC_WARN_64_TO_32_BIT_CONVERSION = YES;
				GCC_WARN_ABOUT_RETURN_TYPE = YES_ERROR;
				GCC_WARN_UNDECLARED_SELECTOR = YES;
				GCC_WARN_UNINITIALIZED_AUTOS = YES_AGGRESSIVE;
				GCC_WARN_UNUSED_FUNCTION = YES;
				GCC_WARN_UNUSED_VARIABLE = YES;
				IPHONEOS_DEPLOYMENT_TARGET = 8.3;
				MTL_ENABLE_DEBUG_INFO = YES;
				ONLY_ACTIVE_ARCH = YES;
				SDKROOT = iphoneos;
				SWIFT_OPTIMIZATION_LEVEL = "-Onone";
			};
			name = Debug;
		};
		8FE6BB801B012B6000CB31F6 /* Release */ = {
			isa = XCBuildConfiguration;
			buildSettings = {
				ALWAYS_SEARCH_USER_PATHS = NO;
				CLANG_CXX_LANGUAGE_STANDARD = "gnu++0x";
				CLANG_CXX_LIBRARY = "libc++";
				CLANG_ENABLE_MODULES = YES;
				CLANG_ENABLE_OBJC_ARC = YES;
				CLANG_WARN_BOOL_CONVERSION = YES;
				CLANG_WARN_CONSTANT_CONVERSION = YES;
				CLANG_WARN_DIRECT_OBJC_ISA_USAGE = YES_ERROR;
				CLANG_WARN_EMPTY_BODY = YES;
				CLANG_WARN_ENUM_CONVERSION = YES;
				CLANG_WARN_INT_CONVERSION = YES;
				CLANG_WARN_OBJC_ROOT_CLASS = YES_ERROR;
				CLANG_WARN_UNREACHABLE_CODE = YES;
				CLANG_WARN__DUPLICATE_METHOD_MATCH = YES;
				"CODE_SIGN_IDENTITY[sdk=iphoneos*]" = "iPhone Developer";
				COPY_PHASE_STRIP = NO;
				DEBUG_INFORMATION_FORMAT = "dwarf-with-dsym";
				ENABLE_NS_ASSERTIONS = NO;
				ENABLE_STRICT_OBJC_MSGSEND = YES;
				GCC_C_LANGUAGE_STANDARD = gnu99;
				GCC_NO_COMMON_BLOCKS = YES;
				GCC_WARN_64_TO_32_BIT_CONVERSION = YES;
				GCC_WARN_ABOUT_RETURN_TYPE = YES_ERROR;
				GCC_WARN_UNDECLARED_SELECTOR = YES;
				GCC_WARN_UNINITIALIZED_AUTOS = YES_AGGRESSIVE;
				GCC_WARN_UNUSED_FUNCTION = YES;
				GCC_WARN_UNUSED_VARIABLE = YES;
				IPHONEOS_DEPLOYMENT_TARGET = 8.3;
				MTL_ENABLE_DEBUG_INFO = NO;
				SDKROOT = iphoneos;
				VALIDATE_PRODUCT = YES;
			};
			name = Release;
		};
		8FE6BB821B012B6000CB31F6 /* Debug */ = {
			isa = XCBuildConfiguration;
			buildSettings = {
				ASSETCATALOG_COMPILER_APPICON_NAME = AppIcon;
				FRAMEWORK_SEARCH_PATHS = (
					"$(inherited)",
					"/Users/javen/Desktop/projects/SDKs/parse-library-1.7.2",
					/Users/javen/Desktop/projects/SDKs/FacebookSDK,
				);
				INFOPLIST_FILE = DateHaven/Info.plist;
				LD_RUNPATH_SEARCH_PATHS = "$(inherited) @executable_path/Frameworks";
				PRODUCT_NAME = "$(TARGET_NAME)";
				SWIFT_OBJC_BRIDGING_HEADER = "DateHaven/Bridging-Header.h";
			};
			name = Debug;
		};
		8FE6BB831B012B6000CB31F6 /* Release */ = {
			isa = XCBuildConfiguration;
			buildSettings = {
				ASSETCATALOG_COMPILER_APPICON_NAME = AppIcon;
				FRAMEWORK_SEARCH_PATHS = (
					"$(inherited)",
					"/Users/javen/Desktop/projects/SDKs/parse-library-1.7.2",
					/Users/javen/Desktop/projects/SDKs/FacebookSDK,
				);
				INFOPLIST_FILE = DateHaven/Info.plist;
				LD_RUNPATH_SEARCH_PATHS = "$(inherited) @executable_path/Frameworks";
				PRODUCT_NAME = "$(TARGET_NAME)";
				SWIFT_OBJC_BRIDGING_HEADER = "DateHaven/Bridging-Header.h";
			};
			name = Release;
		};
		8FE6BB851B012B6000CB31F6 /* Debug */ = {
			isa = XCBuildConfiguration;
			buildSettings = {
				BUNDLE_LOADER = "$(TEST_HOST)";
				FRAMEWORK_SEARCH_PATHS = (
					"$(SDKROOT)/Developer/Library/Frameworks",
					"$(inherited)",
				);
				GCC_PREPROCESSOR_DEFINITIONS = (
					"DEBUG=1",
					"$(inherited)",
				);
				INFOPLIST_FILE = DateHavenTests/Info.plist;
				LD_RUNPATH_SEARCH_PATHS = "$(inherited) @executable_path/Frameworks @loader_path/Frameworks";
				PRODUCT_NAME = "$(TARGET_NAME)";
				TEST_HOST = "$(BUILT_PRODUCTS_DIR)/DateHaven.app/DateHaven";
			};
			name = Debug;
		};
		8FE6BB861B012B6000CB31F6 /* Release */ = {
			isa = XCBuildConfiguration;
			buildSettings = {
				BUNDLE_LOADER = "$(TEST_HOST)";
				FRAMEWORK_SEARCH_PATHS = (
					"$(SDKROOT)/Developer/Library/Frameworks",
					"$(inherited)",
				);
				INFOPLIST_FILE = DateHavenTests/Info.plist;
				LD_RUNPATH_SEARCH_PATHS = "$(inherited) @executable_path/Frameworks @loader_path/Frameworks";
				PRODUCT_NAME = "$(TARGET_NAME)";
				TEST_HOST = "$(BUILT_PRODUCTS_DIR)/DateHaven.app/DateHaven";
			};
			name = Release;
		};
/* End XCBuildConfiguration section */

/* Begin XCConfigurationList section */
		8FE6BB5A1B012B6000CB31F6 /* Build configuration list for PBXProject "DateHaven" */ = {
			isa = XCConfigurationList;
			buildConfigurations = (
				8FE6BB7F1B012B6000CB31F6 /* Debug */,
				8FE6BB801B012B6000CB31F6 /* Release */,
			);
			defaultConfigurationIsVisible = 0;
			defaultConfigurationName = Release;
		};
		8FE6BB811B012B6000CB31F6 /* Build configuration list for PBXNativeTarget "DateHaven" */ = {
			isa = XCConfigurationList;
			buildConfigurations = (
				8FE6BB821B012B6000CB31F6 /* Debug */,
				8FE6BB831B012B6000CB31F6 /* Release */,
			);
			defaultConfigurationIsVisible = 0;
			defaultConfigurationName = Release;
		};
		8FE6BB841B012B6000CB31F6 /* Build configuration list for PBXNativeTarget "DateHavenTests" */ = {
			isa = XCConfigurationList;
			buildConfigurations = (
				8FE6BB851B012B6000CB31F6 /* Debug */,
				8FE6BB861B012B6000CB31F6 /* Release */,
			);
			defaultConfigurationIsVisible = 0;
			defaultConfigurationName = Release;
		};
/* End XCConfigurationList section */

/* Begin XCVersionGroup section */
		8FE6BB661B012B6000CB31F6 /* DateHaven.xcdatamodeld */ = {
			isa = XCVersionGroup;
			children = (
				8FE6BB671B012B6000CB31F6 /* DateHaven.xcdatamodel */,
			);
			currentVersion = 8FE6BB671B012B6000CB31F6 /* DateHaven.xcdatamodel */;
			path = DateHaven.xcdatamodeld;
			sourceTree = "<group>";
			versionGroupType = wrapper.xcdatamodel;
		};
/* End XCVersionGroup section */
	};
	rootObject = 8FE6BB571B012B6000CB31F6 /* Project object */;
}
